{
  "lockFileVersion": 16,
  "registryFileHashes": {},
  "selectedYankedVersions": {},
  "moduleExtensions": {
    "@@apple_support+//crosstool:setup.bzl%apple_cc_configure_extension": {
      "general": {
        "bzlTransitiveDigest": "pd/h9zu+PbVBnRwZ3tnvvnAydlf0zxd9Ov95CD7vJIM=",
        "usagesDigest": "yAC1H7cg3wkisnNswc7hxM2fAxrH04yqn7CXVasZPgc=",
        "recordedFileInputs": {},
        "recordedDirentsInputs": {},
        "envVariables": {},
        "generatedRepoSpecs": {
          "local_config_apple_cc_toolchains": {
            "repoRuleId": "@@apple_support+//crosstool:setup.bzl%_apple_cc_autoconf_toolchains",
            "attributes": {}
          },
          "local_config_apple_cc": {
            "repoRuleId": "@@apple_support+//crosstool:setup.bzl%_apple_cc_autoconf",
            "attributes": {}
          }
        },
        "recordedRepoMappingEntries": [
          [
            "apple_support+",
            "bazel_tools",
            "bazel_tools"
          ],
          [
            "bazel_tools",
            "rules_cc",
            "rules_cc+"
          ]
        ]
      }
    },
    "@@platforms//host:extension.bzl%host_platform": {
      "general": {
        "bzlTransitiveDigest": "xelQcPZH8+tmuOHVjL9vDxMnnQNMlwj0SlvgoqBkm4U=",
        "usagesDigest": "SeQiIN/f8/Qt9vYQk7qcXp4I4wJeEC0RnQDiaaJ4tb8=",
        "recordedFileInputs": {},
        "recordedDirentsInputs": {},
        "envVariables": {},
        "generatedRepoSpecs": {
          "host_platform": {
            "repoRuleId": "@@platforms//host:extension.bzl%host_platform_repo",
            "attributes": {}
          }
        },
        "recordedRepoMappingEntries": []
      }
    },
    "@@rules_foreign_cc+//foreign_cc:extensions.bzl%tools": {
      "general": {
        "bzlTransitiveDigest": "FApcIcVN43WOEs7g8eg7Cy1hrfRbVNEoUu8IiF+8WOc=",
        "usagesDigest": "9LXdVp01HkdYQT8gYPjYLO6VLVJHo9uFfxWaU1ymiRE=",
        "recordedFileInputs": {},
        "recordedDirentsInputs": {},
        "envVariables": {},
        "generatedRepoSpecs": {
          "rules_foreign_cc_framework_toolchain_linux": {
            "repoRuleId": "@@rules_foreign_cc+//foreign_cc/private/framework:toolchain.bzl%framework_toolchain_repository",
            "attributes": {
              "commands_src": "@rules_foreign_cc//foreign_cc/private/framework/toolchains:linux_commands.bzl",
              "exec_compatible_with": [
                "@platforms//os:linux"
              ]
            }
          },
          "rules_foreign_cc_framework_toolchain_freebsd": {
            "repoRuleId": "@@rules_foreign_cc+//foreign_cc/private/framework:toolchain.bzl%framework_toolchain_repository",
            "attributes": {
              "commands_src": "@rules_foreign_cc//foreign_cc/private/framework/toolchains:freebsd_commands.bzl",
              "exec_compatible_with": [
                "@platforms//os:freebsd"
              ]
            }
          },
          "rules_foreign_cc_framework_toolchain_windows": {
            "repoRuleId": "@@rules_foreign_cc+//foreign_cc/private/framework:toolchain.bzl%framework_toolchain_repository",
            "attributes": {
              "commands_src": "@rules_foreign_cc//foreign_cc/private/framework/toolchains:windows_commands.bzl",
              "exec_compatible_with": [
                "@platforms//os:windows"
              ]
            }
          },
          "rules_foreign_cc_framework_toolchain_macos": {
            "repoRuleId": "@@rules_foreign_cc+//foreign_cc/private/framework:toolchain.bzl%framework_toolchain_repository",
            "attributes": {
              "commands_src": "@rules_foreign_cc//foreign_cc/private/framework/toolchains:macos_commands.bzl",
              "exec_compatible_with": [
                "@platforms//os:macos"
              ]
            }
          },
          "rules_foreign_cc_framework_toolchains": {
            "repoRuleId": "@@rules_foreign_cc+//foreign_cc/private/framework:toolchain.bzl%framework_toolchain_repository_hub",
            "attributes": {}
          },
          "cmake_src": {
            "repoRuleId": "@@bazel_tools//tools/build_defs/repo:http.bzl%http_archive",
            "attributes": {
              "build_file_content": "filegroup(\n    name = \"all_srcs\",\n    srcs = glob([\"**\"]),\n    visibility = [\"//visibility:public\"],\n)\n",
              "sha256": "f316b40053466f9a416adf981efda41b160ca859e97f6a484b447ea299ff26aa",
              "strip_prefix": "cmake-3.23.2",
              "urls": [
                "https://github.com/Kitware/CMake/releases/download/v3.23.2/cmake-3.23.2.tar.gz"
              ]
            }
          },
          "gnumake_src": {
            "repoRuleId": "@@bazel_tools//tools/build_defs/repo:http.bzl%http_archive",
            "attributes": {
              "build_file_content": "filegroup(\n    name = \"all_srcs\",\n    srcs = glob([\"**\"]),\n    visibility = [\"//visibility:public\"],\n)\n",
              "sha256": "581f4d4e872da74b3941c874215898a7d35802f03732bdccee1d4a7979105d18",
              "strip_prefix": "make-4.4",
              "urls": [
                "https://mirror.bazel.build/ftpmirror.gnu.org/gnu/make/make-4.4.tar.gz",
                "http://ftpmirror.gnu.org/gnu/make/make-4.4.tar.gz"
              ]
            }
          },
          "ninja_build_src": {
            "repoRuleId": "@@bazel_tools//tools/build_defs/repo:http.bzl%http_archive",
            "attributes": {
              "build_file_content": "filegroup(\n    name = \"all_srcs\",\n    srcs = glob([\"**\"]),\n    visibility = [\"//visibility:public\"],\n)\n",
              "sha256": "31747ae633213f1eda3842686f83c2aa1412e0f5691d1c14dbbcc67fe7400cea",
              "strip_prefix": "ninja-1.11.1",
              "urls": [
                "https://github.com/ninja-build/ninja/archive/v1.11.1.tar.gz"
              ]
            }
          },
          "meson_src": {
            "repoRuleId": "@@bazel_tools//tools/build_defs/repo:http.bzl%http_archive",
            "attributes": {
              "build_file_content": "exports_files([\"meson.py\"])\n\nfilegroup(\n    name = \"runtime\",\n    srcs = glob([\"mesonbuild/**\"]),\n    visibility = [\"//visibility:public\"],\n)\n",
              "strip_prefix": "meson-1.1.1",
              "url": "https://github.com/mesonbuild/meson/releases/download/1.1.1/meson-1.1.1.tar.gz"
            }
          },
          "glib_dev": {
            "repoRuleId": "@@bazel_tools//tools/build_defs/repo:http.bzl%http_archive",
            "attributes": {
              "build_file_content": "\nload(\"@rules_cc//cc:defs.bzl\", \"cc_library\")\n\ncc_import(\n    name = \"glib_dev\",\n    hdrs = glob([\"include/**\"]),\n    shared_library = \"@glib_runtime//:bin/libglib-2.0-0.dll\",\n    visibility = [\"//visibility:public\"],\n)\n        ",
              "sha256": "bdf18506df304d38be98a4b3f18055b8b8cca81beabecad0eece6ce95319c369",
              "urls": [
                "https://download.gnome.org/binaries/win64/glib/2.26/glib-dev_2.26.1-1_win64.zip"
              ]
            }
          },
          "glib_src": {
            "repoRuleId": "@@bazel_tools//tools/build_defs/repo:http.bzl%http_archive",
            "attributes": {
              "build_file_content": "\ncc_import(\n    name = \"msvc_hdr\",\n    hdrs = [\"msvc_recommended_pragmas.h\"],\n    visibility = [\"//visibility:public\"],\n)\n        ",
              "sha256": "bc96f63112823b7d6c9f06572d2ad626ddac7eb452c04d762592197f6e07898e",
              "strip_prefix": "glib-2.26.1",
              "urls": [
                "https://download.gnome.org/sources/glib/2.26/glib-2.26.1.tar.gz"
              ]
            }
          },
          "glib_runtime": {
            "repoRuleId": "@@bazel_tools//tools/build_defs/repo:http.bzl%http_archive",
            "attributes": {
              "build_file_content": "\nexports_files(\n    [\n        \"bin/libgio-2.0-0.dll\",\n        \"bin/libglib-2.0-0.dll\",\n        \"bin/libgmodule-2.0-0.dll\",\n        \"bin/libgobject-2.0-0.dll\",\n        \"bin/libgthread-2.0-0.dll\",\n    ],\n    visibility = [\"//visibility:public\"],\n)\n        ",
              "sha256": "88d857087e86f16a9be651ee7021880b3f7ba050d34a1ed9f06113b8799cb973",
              "urls": [
                "https://download.gnome.org/binaries/win64/glib/2.26/glib_2.26.1-1_win64.zip"
              ]
            }
          },
          "gettext_runtime": {
            "repoRuleId": "@@bazel_tools//tools/build_defs/repo:http.bzl%http_archive",
            "attributes": {
              "build_file_content": "\ncc_import(\n    name = \"gettext_runtime\",\n    shared_library = \"bin/libintl-8.dll\",\n    visibility = [\"//visibility:public\"],\n)\n        ",
              "sha256": "1f4269c0e021076d60a54e98da6f978a3195013f6de21674ba0edbc339c5b079",
              "urls": [
                "https://download.gnome.org/binaries/win64/dependencies/gettext-runtime_0.18.1.1-2_win64.zip"
              ]
            }
          },
          "pkgconfig_src": {
            "repoRuleId": "@@bazel_tools//tools/build_defs/repo:http.bzl%http_archive",
            "attributes": {
              "build_file_content": "filegroup(\n    name = \"all_srcs\",\n    srcs = glob([\"**\"]),\n    visibility = [\"//visibility:public\"],\n)\n",
              "sha256": "6fc69c01688c9458a57eb9a1664c9aba372ccda420a02bf4429fe610e7e7d591",
              "strip_prefix": "pkg-config-0.29.2",
              "patches": [
                "@@rules_foreign_cc+//toolchains:pkgconfig-detectenv.patch",
                "@@rules_foreign_cc+//toolchains:pkgconfig-makefile-vc.patch"
              ],
              "urls": [
                "https://pkgconfig.freedesktop.org/releases/pkg-config-0.29.2.tar.gz"
              ]
            }
          },
          "bazel_skylib": {
            "repoRuleId": "@@bazel_tools//tools/build_defs/repo:http.bzl%http_archive",
            "attributes": {
              "urls": [
                "https://mirror.bazel.build/github.com/bazelbuild/bazel-skylib/releases/download/1.2.1/bazel-skylib-1.2.1.tar.gz",
                "https://github.com/bazelbuild/bazel-skylib/releases/download/1.2.1/bazel-skylib-1.2.1.tar.gz"
              ],
              "sha256": "f7be3474d42aae265405a592bb7da8e171919d74c16f082a5457840f06054728"
            }
          },
          "rules_python": {
            "repoRuleId": "@@bazel_tools//tools/build_defs/repo:http.bzl%http_archive",
            "attributes": {
              "sha256": "84aec9e21cc56fbc7f1335035a71c850d1b9b5cc6ff497306f84cced9a769841",
              "strip_prefix": "rules_python-0.23.1",
              "url": "https://github.com/bazelbuild/rules_python/archive/refs/tags/0.23.1.tar.gz"
            }
          },
          "cmake-3.23.2-linux-aarch64": {
            "repoRuleId": "@@bazel_tools//tools/build_defs/repo:http.bzl%http_archive",
            "attributes": {
              "urls": [
                "https://github.com/Kitware/CMake/releases/download/v3.23.2/cmake-3.23.2-linux-aarch64.tar.gz"
              ],
              "sha256": "f2654bf780b53f170bbbec44d8ac67d401d24788e590faa53036a89476efa91e",
              "strip_prefix": "cmake-3.23.2-linux-aarch64",
              "build_file_content": "load(\"@rules_foreign_cc//toolchains/native_tools:native_tools_toolchain.bzl\", \"native_tool_toolchain\")\n\npackage(default_visibility = [\"//visibility:public\"])\n\nfilegroup(\n    name = \"cmake_data\",\n    srcs = glob(\n        [\n            \"**\",\n        ],\n        exclude = [\n            \"WORKSPACE\",\n            \"WORKSPACE.bazel\",\n            \"BUILD\",\n            \"BUILD.bazel\",\n        ],\n    ),\n)\n\nnative_tool_toolchain(\n    name = \"cmake_tool\",\n    path = \"bin/cmake\",\n    target = \":cmake_data\",\n)\n"
            }
          },
          "cmake-3.23.2-linux-x86_64": {
            "repoRuleId": "@@bazel_tools//tools/build_defs/repo:http.bzl%http_archive",
            "attributes": {
              "urls": [
                "https://github.com/Kitware/CMake/releases/download/v3.23.2/cmake-3.23.2-linux-x86_64.tar.gz"
              ],
              "sha256": "aaced6f745b86ce853661a595bdac6c5314a60f8181b6912a0a4920acfa32708",
              "strip_prefix": "cmake-3.23.2-linux-x86_64",
              "build_file_content": "load(\"@rules_foreign_cc//toolchains/native_tools:native_tools_toolchain.bzl\", \"native_tool_toolchain\")\n\npackage(default_visibility = [\"//visibility:public\"])\n\nfilegroup(\n    name = \"cmake_data\",\n    srcs = glob(\n        [\n            \"**\",\n        ],\n        exclude = [\n            \"WORKSPACE\",\n            \"WORKSPACE.bazel\",\n            \"BUILD\",\n            \"BUILD.bazel\",\n        ],\n    ),\n)\n\nnative_tool_toolchain(\n    name = \"cmake_tool\",\n    path = \"bin/cmake\",\n    target = \":cmake_data\",\n)\n"
            }
          },
          "cmake-3.23.2-macos-universal": {
            "repoRuleId": "@@bazel_tools//tools/build_defs/repo:http.bzl%http_archive",
            "attributes": {
              "urls": [
                "https://github.com/Kitware/CMake/releases/download/v3.23.2/cmake-3.23.2-macos-universal.tar.gz"
              ],
              "sha256": "853a0f9af148c5ef47282ffffee06c4c9f257be2635936755f39ca13c3286c88",
              "strip_prefix": "cmake-3.23.2-macos-universal/CMake.app/Contents",
              "build_file_content": "load(\"@rules_foreign_cc//toolchains/native_tools:native_tools_toolchain.bzl\", \"native_tool_toolchain\")\n\npackage(default_visibility = [\"//visibility:public\"])\n\nfilegroup(\n    name = \"cmake_data\",\n    srcs = glob(\n        [\n            \"**\",\n        ],\n        exclude = [\n            \"WORKSPACE\",\n            \"WORKSPACE.bazel\",\n            \"BUILD\",\n            \"BUILD.bazel\",\n        ],\n    ),\n)\n\nnative_tool_toolchain(\n    name = \"cmake_tool\",\n    path = \"bin/cmake\",\n    target = \":cmake_data\",\n)\n"
            }
          },
          "cmake-3.23.2-windows-i386": {
            "repoRuleId": "@@bazel_tools//tools/build_defs/repo:http.bzl%http_archive",
            "attributes": {
              "urls": [
                "https://github.com/Kitware/CMake/releases/download/v3.23.2/cmake-3.23.2-windows-i386.zip"
              ],
              "sha256": "6a4fcd6a2315b93cb23c93507efccacc30c449c2bf98f14d6032bb226c582e07",
              "strip_prefix": "cmake-3.23.2-windows-i386",
              "build_file_content": "load(\"@rules_foreign_cc//toolchains/native_tools:native_tools_toolchain.bzl\", \"native_tool_toolchain\")\n\npackage(default_visibility = [\"//visibility:public\"])\n\nfilegroup(\n    name = \"cmake_data\",\n    srcs = glob(\n        [\n            \"**\",\n        ],\n        exclude = [\n            \"WORKSPACE\",\n            \"WORKSPACE.bazel\",\n            \"BUILD\",\n            \"BUILD.bazel\",\n        ],\n    ),\n)\n\nnative_tool_toolchain(\n    name = \"cmake_tool\",\n    path = \"bin/cmake.exe\",\n    target = \":cmake_data\",\n)\n"
            }
          },
          "cmake-3.23.2-windows-x86_64": {
            "repoRuleId": "@@bazel_tools//tools/build_defs/repo:http.bzl%http_archive",
            "attributes": {
              "urls": [
                "https://github.com/Kitware/CMake/releases/download/v3.23.2/cmake-3.23.2-windows-x86_64.zip"
              ],
              "sha256": "2329387f3166b84c25091c86389fb891193967740c9bcf01e7f6d3306f7ffda0",
              "strip_prefix": "cmake-3.23.2-windows-x86_64",
              "build_file_content": "load(\"@rules_foreign_cc//toolchains/native_tools:native_tools_toolchain.bzl\", \"native_tool_toolchain\")\n\npackage(default_visibility = [\"//visibility:public\"])\n\nfilegroup(\n    name = \"cmake_data\",\n    srcs = glob(\n        [\n            \"**\",\n        ],\n        exclude = [\n            \"WORKSPACE\",\n            \"WORKSPACE.bazel\",\n            \"BUILD\",\n            \"BUILD.bazel\",\n        ],\n    ),\n)\n\nnative_tool_toolchain(\n    name = \"cmake_tool\",\n    path = \"bin/cmake.exe\",\n    target = \":cmake_data\",\n)\n"
            }
          },
          "cmake_3.23.2_toolchains": {
            "repoRuleId": "@@rules_foreign_cc+//toolchains:prebuilt_toolchains_repository.bzl%prebuilt_toolchains_repository",
            "attributes": {
              "repos": {
                "cmake-3.23.2-linux-aarch64": [
                  "@platforms//cpu:aarch64",
                  "@platforms//os:linux"
                ],
                "cmake-3.23.2-linux-x86_64": [
                  "@platforms//cpu:x86_64",
                  "@platforms//os:linux"
                ],
                "cmake-3.23.2-macos-universal": [
                  "@platforms//os:macos"
                ],
                "cmake-3.23.2-windows-i386": [
                  "@platforms//cpu:x86_32",
                  "@platforms//os:windows"
                ],
                "cmake-3.23.2-windows-x86_64": [
                  "@platforms//cpu:x86_64",
                  "@platforms//os:windows"
                ]
              },
              "tool": "cmake"
            }
          },
          "ninja_1.11.1_linux": {
            "repoRuleId": "@@bazel_tools//tools/build_defs/repo:http.bzl%http_archive",
            "attributes": {
              "urls": [
                "https://github.com/ninja-build/ninja/releases/download/v1.11.1/ninja-linux.zip"
              ],
              "sha256": "b901ba96e486dce377f9a070ed4ef3f79deb45f4ffe2938f8e7ddc69cfb3df77",
              "strip_prefix": "",
              "build_file_content": "load(\"@rules_foreign_cc//toolchains/native_tools:native_tools_toolchain.bzl\", \"native_tool_toolchain\")\n\npackage(default_visibility = [\"//visibility:public\"])\n\nfilegroup(\n    name = \"ninja_bin\",\n    srcs = [\"ninja\"],\n)\n\nnative_tool_toolchain(\n    name = \"ninja_tool\",\n    env = {\"NINJA\": \"$(execpath :ninja_bin)\"},\n    path = \"$(execpath :ninja_bin)\",\n    target = \":ninja_bin\",\n)\n"
            }
          },
          "ninja_1.11.1_mac": {
            "repoRuleId": "@@bazel_tools//tools/build_defs/repo:http.bzl%http_archive",
            "attributes": {
              "urls": [
                "https://github.com/ninja-build/ninja/releases/download/v1.11.1/ninja-mac.zip"
              ],
              "sha256": "482ecb23c59ae3d4f158029112de172dd96bb0e97549c4b1ca32d8fad11f873e",
              "strip_prefix": "",
              "build_file_content": "load(\"@rules_foreign_cc//toolchains/native_tools:native_tools_toolchain.bzl\", \"native_tool_toolchain\")\n\npackage(default_visibility = [\"//visibility:public\"])\n\nfilegroup(\n    name = \"ninja_bin\",\n    srcs = [\"ninja\"],\n)\n\nnative_tool_toolchain(\n    name = \"ninja_tool\",\n    env = {\"NINJA\": \"$(execpath :ninja_bin)\"},\n    path = \"$(execpath :ninja_bin)\",\n    target = \":ninja_bin\",\n)\n"
            }
          },
          "ninja_1.11.1_win": {
            "repoRuleId": "@@bazel_tools//tools/build_defs/repo:http.bzl%http_archive",
            "attributes": {
              "urls": [
                "https://github.com/ninja-build/ninja/releases/download/v1.11.1/ninja-win.zip"
              ],
              "sha256": "524b344a1a9a55005eaf868d991e090ab8ce07fa109f1820d40e74642e289abc",
              "strip_prefix": "",
              "build_file_content": "load(\"@rules_foreign_cc//toolchains/native_tools:native_tools_toolchain.bzl\", \"native_tool_toolchain\")\n\npackage(default_visibility = [\"//visibility:public\"])\n\nfilegroup(\n    name = \"ninja_bin\",\n    srcs = [\"ninja.exe\"],\n)\n\nnative_tool_toolchain(\n    name = \"ninja_tool\",\n    env = {\"NINJA\": \"$(execpath :ninja_bin)\"},\n    path = \"$(execpath :ninja_bin)\",\n    target = \":ninja_bin\",\n)\n"
            }
          },
          "ninja_1.11.1_toolchains": {
            "repoRuleId": "@@rules_foreign_cc+//toolchains:prebuilt_toolchains_repository.bzl%prebuilt_toolchains_repository",
            "attributes": {
              "repos": {
                "ninja_1.11.1_linux": [
                  "@platforms//cpu:x86_64",
                  "@platforms//os:linux"
                ],
                "ninja_1.11.1_mac": [
                  "@platforms//cpu:x86_64",
                  "@platforms//os:macos"
                ],
                "ninja_1.11.1_win": [
                  "@platforms//cpu:x86_64",
                  "@platforms//os:windows"
                ]
              },
              "tool": "ninja"
            }
          }
        },
        "recordedRepoMappingEntries": [
          [
            "rules_foreign_cc+",
            "bazel_tools",
            "bazel_tools"
          ],
          [
            "rules_foreign_cc+",
            "rules_foreign_cc",
            "rules_foreign_cc+"
          ]
        ]
      }
    },
    "@@rules_java+//java:rules_java_deps.bzl%compatibility_proxy": {
      "general": {
        "bzlTransitiveDigest": "84xJEZ1jnXXwo8BXMprvBm++rRt4jsTu9liBxz0ivps=",
        "usagesDigest": "jTQDdLDxsS43zuRmg1faAjIEPWdLAbDAowI1pInQSoo=",
        "recordedFileInputs": {},
        "recordedDirentsInputs": {},
        "envVariables": {},
        "generatedRepoSpecs": {
          "compatibility_proxy": {
            "repoRuleId": "@@rules_java+//java:rules_java_deps.bzl%_compatibility_proxy_repo_rule",
            "attributes": {}
          }
        },
        "recordedRepoMappingEntries": [
          [
            "rules_java+",
            "bazel_tools",
            "bazel_tools"
          ]
        ]
      }
    },
    "@@rules_kotlin+//src/main/starlark/core/repositories:bzlmod_setup.bzl%rules_kotlin_extensions": {
      "general": {
        "bzlTransitiveDigest": "sFhcgPbDQehmbD1EOXzX4H1q/CD5df8zwG4kp4jbvr8=",
        "usagesDigest": "QI2z8ZUR+mqtbwsf2fLqYdJAkPOHdOV+tF2yVAUgRzw=",
        "recordedFileInputs": {},
        "recordedDirentsInputs": {},
        "envVariables": {},
        "generatedRepoSpecs": {
          "com_github_jetbrains_kotlin_git": {
            "repoRuleId": "@@rules_kotlin+//src/main/starlark/core/repositories:compiler.bzl%kotlin_compiler_git_repository",
            "attributes": {
              "urls": [
                "https://github.com/JetBrains/kotlin/releases/download/v1.9.23/kotlin-compiler-1.9.23.zip"
              ],
              "sha256": "93137d3aab9afa9b27cb06a824c2324195c6b6f6179d8a8653f440f5bd58be88"
            }
          },
          "com_github_jetbrains_kotlin": {
            "repoRuleId": "@@rules_kotlin+//src/main/starlark/core/repositories:compiler.bzl%kotlin_capabilities_repository",
            "attributes": {
              "git_repository_name": "com_github_jetbrains_kotlin_git",
              "compiler_version": "1.9.23"
            }
          },
          "com_github_google_ksp": {
            "repoRuleId": "@@rules_kotlin+//src/main/starlark/core/repositories:ksp.bzl%ksp_compiler_plugin_repository",
            "attributes": {
              "urls": [
                "https://github.com/google/ksp/releases/download/1.9.23-1.0.20/artifacts.zip"
              ],
              "sha256": "ee0618755913ef7fd6511288a232e8fad24838b9af6ea73972a76e81053c8c2d",
              "strip_version": "1.9.23-1.0.20"
            }
          },
          "com_github_pinterest_ktlint": {
            "repoRuleId": "@@bazel_tools//tools/build_defs/repo:http.bzl%http_file",
            "attributes": {
              "sha256": "01b2e0ef893383a50dbeb13970fe7fa3be36ca3e83259e01649945b09d736985",
              "urls": [
                "https://github.com/pinterest/ktlint/releases/download/1.3.0/ktlint"
              ],
              "executable": true
            }
          },
          "rules_android": {
            "repoRuleId": "@@bazel_tools//tools/build_defs/repo:http.bzl%http_archive",
            "attributes": {
              "sha256": "cd06d15dd8bb59926e4d65f9003bfc20f9da4b2519985c27e190cddc8b7a7806",
              "strip_prefix": "rules_android-0.1.1",
              "urls": [
                "https://github.com/bazelbuild/rules_android/archive/v0.1.1.zip"
              ]
            }
          }
        },
        "recordedRepoMappingEntries": [
          [
            "rules_kotlin+",
            "bazel_tools",
            "bazel_tools"
          ]
        ]
      }
    }
  }
}
